// !$*UTF8*$!
{
	archiveVersion = 1;
	classes = {
	};
	objectVersion = 51;
	objects = {

/* Begin PBXBuildFile section */
		1DEBD2444E1D15C49F8B4FF3 /* Pods_LocallyFood.framework in Frameworks */ = {isa = PBXBuildFile; fileRef = 0F8FC48AA80861BC06012504 /* Pods_LocallyFood.framework */; };
		724AE242261F39B000964963 /* LFMealTitleLabel.swift in Sources */ = {isa = PBXBuildFile; fileRef = 724AE241261F39B000964963 /* LFMealTitleLabel.swift */; };
		7252A5DF261E38A300E38575 /* FoodRecipeViewController.swift in Sources */ = {isa = PBXBuildFile; fileRef = 7252A5DE261E38A300E38575 /* FoodRecipeViewController.swift */; };
		7252A5E2261E396000E38575 /* UIHelper.swift in Sources */ = {isa = PBXBuildFile; fileRef = 7252A5E1261E396000E38575 /* UIHelper.swift */; };
		7285F588261CEE29005CE5D6 /* AppDelegate.swift in Sources */ = {isa = PBXBuildFile; fileRef = 7285F587261CEE29005CE5D6 /* AppDelegate.swift */; };
		7285F58A261CEE29005CE5D6 /* SceneDelegate.swift in Sources */ = {isa = PBXBuildFile; fileRef = 7285F589261CEE29005CE5D6 /* SceneDelegate.swift */; };
		7285F591261CEE2C005CE5D6 /* Assets.xcassets in Resources */ = {isa = PBXBuildFile; fileRef = 7285F590261CEE2C005CE5D6 /* Assets.xcassets */; };
		7285F594261CEE2C005CE5D6 /* LaunchScreen.storyboard in Resources */ = {isa = PBXBuildFile; fileRef = 7285F592261CEE2C005CE5D6 /* LaunchScreen.storyboard */; };
		7285F5B8261CFF97005CE5D6 /* Category.swift in Sources */ = {isa = PBXBuildFile; fileRef = 7285F5B7261CFF97005CE5D6 /* Category.swift */; };
		7285F5BB261D0157005CE5D6 /* Country.swift in Sources */ = {isa = PBXBuildFile; fileRef = 7285F5BA261D0157005CE5D6 /* Country.swift */; };
		7285F5BE261D01B6005CE5D6 /* Meal.swift in Sources */ = {isa = PBXBuildFile; fileRef = 7285F5BD261D01B6005CE5D6 /* Meal.swift */; };
		7285F5C2261D0390005CE5D6 /* LocallyFoodModel.swift in Sources */ = {isa = PBXBuildFile; fileRef = 7285F5C1261D0390005CE5D6 /* LocallyFoodModel.swift */; };
		7285F5CA261D0661005CE5D6 /* List.swift in Sources */ = {isa = PBXBuildFile; fileRef = 7285F5C9261D0661005CE5D6 /* List.swift */; };
		7285F5D3261D1646005CE5D6 /* NetworkManager.swift in Sources */ = {isa = PBXBuildFile; fileRef = 7285F5D2261D1646005CE5D6 /* NetworkManager.swift */; };
		7294C611261DAD48004FE2D8 /* CountryFilterCollectionViewCell.swift in Sources */ = {isa = PBXBuildFile; fileRef = 7294C610261DAD48004FE2D8 /* CountryFilterCollectionViewCell.swift */; };
		7294C614261DAF3B004FE2D8 /* HomePageViewController.swift in Sources */ = {isa = PBXBuildFile; fileRef = 7294C613261DAF3B004FE2D8 /* HomePageViewController.swift */; };
		72CD86AA261DEEDC0034E25B /* LFError.swift in Sources */ = {isa = PBXBuildFile; fileRef = 72CD86A9261DEEDC0034E25B /* LFError.swift */; };
		72CD86AE261DF5250034E25B /* UIImageView+Ext.swift in Sources */ = {isa = PBXBuildFile; fileRef = 72CD86AD261DF5250034E25B /* UIImageView+Ext.swift */; };
		72CD86BA261E29BE0034E25B /* CategoryViewController.swift in Sources */ = {isa = PBXBuildFile; fileRef = 72CD86B9261E29BE0034E25B /* CategoryViewController.swift */; };
		72D1D4C9261DD0FB003814DE /* CategoriesCollectionViewCell.swift in Sources */ = {isa = PBXBuildFile; fileRef = 72D1D4C8261DD0FB003814DE /* CategoriesCollectionViewCell.swift */; };
		72D1D4CF261DD22C003814DE /* LFImageView.swift in Sources */ = {isa = PBXBuildFile; fileRef = 72D1D4CE261DD22C003814DE /* LFImageView.swift */; };
		72D1D4D4261DD27B003814DE /* Constants.swift in Sources */ = {isa = PBXBuildFile; fileRef = 72D1D4D3261DD27B003814DE /* Constants.swift */; };
		72D1D4D7261DD56C003814DE /* LFLabel.swift in Sources */ = {isa = PBXBuildFile; fileRef = 72D1D4D6261DD56C003814DE /* LFLabel.swift */; };
		72EA358D262087F4009C6BA1 /* UIViewController+Ext.swift in Sources */ = {isa = PBXBuildFile; fileRef = 72EA358C262087F4009C6BA1 /* UIViewController+Ext.swift */; };
		72EA35B92620BF2E009C6BA1 /* FavoriteReceipesViewController.swift in Sources */ = {isa = PBXBuildFile; fileRef = 72EA35B82620BF2E009C6BA1 /* FavoriteReceipesViewController.swift */; };
		72EA35BC2620BFF2009C6BA1 /* PersistentManger.swift in Sources */ = {isa = PBXBuildFile; fileRef = 72EA35BB2620BFF2009C6BA1 /* PersistentManger.swift */; };
		72EA35C12620D8F8009C6BA1 /* FavoriteReceipesTableViewCell.swift in Sources */ = {isa = PBXBuildFile; fileRef = 72EA35C02620D8F8009C6BA1 /* FavoriteReceipesTableViewCell.swift */; };
		72FA3C3B261E3098007E61B8 /* CategoryListCollectionViewCell.swift in Sources */ = {isa = PBXBuildFile; fileRef = 72FA3C3A261E3098007E61B8 /* CategoryListCollectionViewCell.swift */; };
/* End PBXBuildFile section */

/* Begin PBXFileReference section */
		003F502CE27B7CAE971D0C03 /* Pods-LocallyFood.debug.xcconfig */ = {isa = PBXFileReference; includeInIndex = 1; lastKnownFileType = text.xcconfig; name = "Pods-LocallyFood.debug.xcconfig"; path = "Target Support Files/Pods-LocallyFood/Pods-LocallyFood.debug.xcconfig"; sourceTree = "<group>"; };
		0F8FC48AA80861BC06012504 /* Pods_LocallyFood.framework */ = {isa = PBXFileReference; explicitFileType = wrapper.framework; includeInIndex = 0; path = Pods_LocallyFood.framework; sourceTree = BUILT_PRODUCTS_DIR; };
		724AE241261F39B000964963 /* LFMealTitleLabel.swift */ = {isa = PBXFileReference; lastKnownFileType = sourcecode.swift; path = LFMealTitleLabel.swift; sourceTree = "<group>"; };
		7252A5DE261E38A300E38575 /* FoodRecipeViewController.swift */ = {isa = PBXFileReference; lastKnownFileType = sourcecode.swift; path = FoodRecipeViewController.swift; sourceTree = "<group>"; };
		7252A5E1261E396000E38575 /* UIHelper.swift */ = {isa = PBXFileReference; lastKnownFileType = sourcecode.swift; path = UIHelper.swift; sourceTree = "<group>"; };
		7285F584261CEE29005CE5D6 /* LocallyFood.app */ = {isa = PBXFileReference; explicitFileType = wrapper.application; includeInIndex = 0; path = LocallyFood.app; sourceTree = BUILT_PRODUCTS_DIR; };
		7285F587261CEE29005CE5D6 /* AppDelegate.swift */ = {isa = PBXFileReference; lastKnownFileType = sourcecode.swift; path = AppDelegate.swift; sourceTree = "<group>"; };
		7285F589261CEE29005CE5D6 /* SceneDelegate.swift */ = {isa = PBXFileReference; lastKnownFileType = sourcecode.swift; path = SceneDelegate.swift; sourceTree = "<group>"; };
		7285F590261CEE2C005CE5D6 /* Assets.xcassets */ = {isa = PBXFileReference; lastKnownFileType = folder.assetcatalog; path = Assets.xcassets; sourceTree = "<group>"; };
		7285F593261CEE2C005CE5D6 /* Base */ = {isa = PBXFileReference; lastKnownFileType = file.storyboard; name = Base; path = Base.lproj/LaunchScreen.storyboard; sourceTree = "<group>"; };
		7285F595261CEE2C005CE5D6 /* Info.plist */ = {isa = PBXFileReference; lastKnownFileType = text.plist.xml; path = Info.plist; sourceTree = "<group>"; };
		7285F5B7261CFF97005CE5D6 /* Category.swift */ = {isa = PBXFileReference; lastKnownFileType = sourcecode.swift; path = Category.swift; sourceTree = "<group>"; };
		7285F5BA261D0157005CE5D6 /* Country.swift */ = {isa = PBXFileReference; lastKnownFileType = sourcecode.swift; path = Country.swift; sourceTree = "<group>"; };
		7285F5BD261D01B6005CE5D6 /* Meal.swift */ = {isa = PBXFileReference; lastKnownFileType = sourcecode.swift; path = Meal.swift; sourceTree = "<group>"; };
		7285F5C1261D0390005CE5D6 /* LocallyFoodModel.swift */ = {isa = PBXFileReference; lastKnownFileType = sourcecode.swift; path = LocallyFoodModel.swift; sourceTree = "<group>"; };
		7285F5C9261D0661005CE5D6 /* List.swift */ = {isa = PBXFileReference; lastKnownFileType = sourcecode.swift; path = List.swift; sourceTree = "<group>"; };
		7285F5D2261D1646005CE5D6 /* NetworkManager.swift */ = {isa = PBXFileReference; lastKnownFileType = sourcecode.swift; path = NetworkManager.swift; sourceTree = "<group>"; };
		7294C610261DAD48004FE2D8 /* CountryFilterCollectionViewCell.swift */ = {isa = PBXFileReference; lastKnownFileType = sourcecode.swift; path = CountryFilterCollectionViewCell.swift; sourceTree = "<group>"; };
		7294C613261DAF3B004FE2D8 /* HomePageViewController.swift */ = {isa = PBXFileReference; lastKnownFileType = sourcecode.swift; path = HomePageViewController.swift; sourceTree = "<group>"; };
		72CD86A9261DEEDC0034E25B /* LFError.swift */ = {isa = PBXFileReference; lastKnownFileType = sourcecode.swift; path = LFError.swift; sourceTree = "<group>"; };
		72CD86AD261DF5250034E25B /* UIImageView+Ext.swift */ = {isa = PBXFileReference; lastKnownFileType = sourcecode.swift; path = "UIImageView+Ext.swift"; sourceTree = "<group>"; };
		72CD86B9261E29BE0034E25B /* CategoryViewController.swift */ = {isa = PBXFileReference; lastKnownFileType = sourcecode.swift; path = CategoryViewController.swift; sourceTree = "<group>"; };
		72D1D4C8261DD0FB003814DE /* CategoriesCollectionViewCell.swift */ = {isa = PBXFileReference; lastKnownFileType = sourcecode.swift; path = CategoriesCollectionViewCell.swift; sourceTree = "<group>"; };
		72D1D4CE261DD22C003814DE /* LFImageView.swift */ = {isa = PBXFileReference; lastKnownFileType = sourcecode.swift; path = LFImageView.swift; sourceTree = "<group>"; };
		72D1D4D3261DD27B003814DE /* Constants.swift */ = {isa = PBXFileReference; lastKnownFileType = sourcecode.swift; path = Constants.swift; sourceTree = "<group>"; };
		72D1D4D6261DD56C003814DE /* LFLabel.swift */ = {isa = PBXFileReference; lastKnownFileType = sourcecode.swift; path = LFLabel.swift; sourceTree = "<group>"; };
		72EA358C262087F4009C6BA1 /* UIViewController+Ext.swift */ = {isa = PBXFileReference; lastKnownFileType = sourcecode.swift; path = "UIViewController+Ext.swift"; sourceTree = "<group>"; };
		72EA35B82620BF2E009C6BA1 /* FavoriteReceipesViewController.swift */ = {isa = PBXFileReference; lastKnownFileType = sourcecode.swift; path = FavoriteReceipesViewController.swift; sourceTree = "<group>"; };
		72EA35BB2620BFF2009C6BA1 /* PersistentManger.swift */ = {isa = PBXFileReference; lastKnownFileType = sourcecode.swift; path = PersistentManger.swift; sourceTree = "<group>"; };
		72EA35C02620D8F8009C6BA1 /* FavoriteReceipesTableViewCell.swift */ = {isa = PBXFileReference; lastKnownFileType = sourcecode.swift; path = FavoriteReceipesTableViewCell.swift; sourceTree = "<group>"; };
		72FA3C3A261E3098007E61B8 /* CategoryListCollectionViewCell.swift */ = {isa = PBXFileReference; lastKnownFileType = sourcecode.swift; path = CategoryListCollectionViewCell.swift; sourceTree = "<group>"; };
		D3012736D650187DE4086BEF /* Pods-LocallyFood.release.xcconfig */ = {isa = PBXFileReference; includeInIndex = 1; lastKnownFileType = text.xcconfig; name = "Pods-LocallyFood.release.xcconfig"; path = "Target Support Files/Pods-LocallyFood/Pods-LocallyFood.release.xcconfig"; sourceTree = "<group>"; };
/* End PBXFileReference section */

/* Begin PBXFrameworksBuildPhase section */
		7285F581261CEE29005CE5D6 /* Frameworks */ = {
			isa = PBXFrameworksBuildPhase;
			buildActionMask = 2147483647;
			files = (
				1DEBD2444E1D15C49F8B4FF3 /* Pods_LocallyFood.framework in Frameworks */,
			);
			runOnlyForDeploymentPostprocessing = 0;
		};
/* End PBXFrameworksBuildPhase section */

/* Begin PBXGroup section */
		0F3B923ACC7865FA34A9B5B2 /* Pods */ = {
			isa = PBXGroup;
			children = (
				003F502CE27B7CAE971D0C03 /* Pods-LocallyFood.debug.xcconfig */,
				D3012736D650187DE4086BEF /* Pods-LocallyFood.release.xcconfig */,
			);
			path = Pods;
			sourceTree = "<group>";
		};
		7285F57B261CEE29005CE5D6 = {
			isa = PBXGroup;
			children = (
				7285F586261CEE29005CE5D6 /* LocallyFood */,
				7285F585261CEE29005CE5D6 /* Products */,
				0F3B923ACC7865FA34A9B5B2 /* Pods */,
				A8F80B1514B9440229B2465B /* Frameworks */,
			);
			sourceTree = "<group>";
		};
		7285F585261CEE29005CE5D6 /* Products */ = {
			isa = PBXGroup;
			children = (
				7285F584261CEE29005CE5D6 /* LocallyFood.app */,
			);
			name = Products;
			sourceTree = "<group>";
		};
		7285F586261CEE29005CE5D6 /* LocallyFood */ = {
			isa = PBXGroup;
			children = (
				72D1D4D2261DD271003814DE /* Utilities */,
				72CD86AC261DF50E0034E25B /* Extension */,
				7285F5B2261CFEA1005CE5D6 /* Manager */,
				7285F5B1261CFE9C005CE5D6 /* Model */,
				7294C60A261DA3B5004FE2D8 /* View */,
				72CD86B6261E0E7F0034E25B /* Controller */,
				72D1D4C5261DC24A003814DE /* Base */,
				7285F590261CEE2C005CE5D6 /* Assets.xcassets */,
				7285F595261CEE2C005CE5D6 /* Info.plist */,
			);
			path = LocallyFood;
			sourceTree = "<group>";
		};
		7285F5B1261CFE9C005CE5D6 /* Model */ = {
			isa = PBXGroup;
			children = (
				7285F5BA261D0157005CE5D6 /* Country.swift */,
				7285F5B7261CFF97005CE5D6 /* Category.swift */,
				7285F5C9261D0661005CE5D6 /* List.swift */,
				7285F5BD261D01B6005CE5D6 /* Meal.swift */,
				7285F5C1261D0390005CE5D6 /* LocallyFoodModel.swift */,
			);
			path = Model;
			sourceTree = "<group>";
		};
		7285F5B2261CFEA1005CE5D6 /* Manager */ = {
			isa = PBXGroup;
			children = (
				7285F5D2261D1646005CE5D6 /* NetworkManager.swift */,
				72EA35BB2620BFF2009C6BA1 /* PersistentManger.swift */,
			);
			path = Manager;
			sourceTree = "<group>";
		};
		7294C60A261DA3B5004FE2D8 /* View */ = {
			isa = PBXGroup;
			children = (
				72EA35BF2620D8EC009C6BA1 /* TableViewCell */,
				72D1D4CD261DD21A003814DE /* UIImageView */,
				72D1D4C7261DD0D2003814DE /* CollectionViewCell */,
				72D1D4D9261DD576003814DE /* UILabel */,
			);
			path = View;
			sourceTree = "<group>";
		};
		72CD86AC261DF50E0034E25B /* Extension */ = {
			isa = PBXGroup;
			children = (
				72CD86AD261DF5250034E25B /* UIImageView+Ext.swift */,
				72EA358C262087F4009C6BA1 /* UIViewController+Ext.swift */,
			);
			path = Extension;
			sourceTree = "<group>";
		};
		72CD86B6261E0E7F0034E25B /* Controller */ = {
			isa = PBXGroup;
			children = (
				7294C613261DAF3B004FE2D8 /* HomePageViewController.swift */,
				72CD86B9261E29BE0034E25B /* CategoryViewController.swift */,
				7252A5DE261E38A300E38575 /* FoodRecipeViewController.swift */,
				72EA35B82620BF2E009C6BA1 /* FavoriteReceipesViewController.swift */,
			);
			path = Controller;
			sourceTree = "<group>";
		};
		72D1D4C5261DC24A003814DE /* Base */ = {
			isa = PBXGroup;
			children = (
				7285F587261CEE29005CE5D6 /* AppDelegate.swift */,
				7285F589261CEE29005CE5D6 /* SceneDelegate.swift */,
				7285F592261CEE2C005CE5D6 /* LaunchScreen.storyboard */,
			);
			path = Base;
			sourceTree = "<group>";
		};
		72D1D4C7261DD0D2003814DE /* CollectionViewCell */ = {
			isa = PBXGroup;
			children = (
				7294C610261DAD48004FE2D8 /* CountryFilterCollectionViewCell.swift */,
				72D1D4C8261DD0FB003814DE /* CategoriesCollectionViewCell.swift */,
				72FA3C3A261E3098007E61B8 /* CategoryListCollectionViewCell.swift */,
			);
			path = CollectionViewCell;
			sourceTree = "<group>";
		};
		72D1D4CD261DD21A003814DE /* UIImageView */ = {
			isa = PBXGroup;
			children = (
				72D1D4CE261DD22C003814DE /* LFImageView.swift */,
			);
			path = UIImageView;
			sourceTree = "<group>";
		};
		72D1D4D2261DD271003814DE /* Utilities */ = {
			isa = PBXGroup;
			children = (
				72D1D4D3261DD27B003814DE /* Constants.swift */,
				72CD86A9261DEEDC0034E25B /* LFError.swift */,
				7252A5E1261E396000E38575 /* UIHelper.swift */,
			);
			path = Utilities;
			sourceTree = "<group>";
		};
		72D1D4D9261DD576003814DE /* UILabel */ = {
			isa = PBXGroup;
			children = (
				72D1D4D6261DD56C003814DE /* LFLabel.swift */,
				724AE241261F39B000964963 /* LFMealTitleLabel.swift */,
			);
			path = UILabel;
			sourceTree = "<group>";
		};
		72EA35BF2620D8EC009C6BA1 /* TableViewCell */ = {
			isa = PBXGroup;
			children = (
				72EA35C02620D8F8009C6BA1 /* FavoriteReceipesTableViewCell.swift */,
			);
			path = TableViewCell;
			sourceTree = "<group>";
		};
		A8F80B1514B9440229B2465B /* Frameworks */ = {
			isa = PBXGroup;
			children = (
				0F8FC48AA80861BC06012504 /* Pods_LocallyFood.framework */,
			);
			name = Frameworks;
			sourceTree = "<group>";
		};
/* End PBXGroup section */

/* Begin PBXNativeTarget section */
		7285F583261CEE29005CE5D6 /* LocallyFood */ = {
			isa = PBXNativeTarget;
			buildConfigurationList = 7285F598261CEE2C005CE5D6 /* Build configuration list for PBXNativeTarget "LocallyFood" */;
			buildPhases = (
				D210058A20D0E0B01B4B259D /* [CP] Check Pods Manifest.lock */,
				7285F580261CEE29005CE5D6 /* Sources */,
				7285F581261CEE29005CE5D6 /* Frameworks */,
				7285F582261CEE29005CE5D6 /* Resources */,
				18AD157D4C0B239004EE6006 /* [CP] Embed Pods Frameworks */,
			);
			buildRules = (
			);
			dependencies = (
			);
			name = LocallyFood;
			productName = LocallyFood;
			productReference = 7285F584261CEE29005CE5D6 /* LocallyFood.app */;
			productType = "com.apple.product-type.application";
		};
/* End PBXNativeTarget section */

/* Begin PBXProject section */
		7285F57C261CEE29005CE5D6 /* Project object */ = {
			isa = PBXProject;
			attributes = {
				LastSwiftUpdateCheck = 1220;
				LastUpgradeCheck = 1220;
				TargetAttributes = {
					7285F583261CEE29005CE5D6 = {
						CreatedOnToolsVersion = 12.2;
					};
				};
			};
			buildConfigurationList = 7285F57F261CEE29005CE5D6 /* Build configuration list for PBXProject "LocallyFood" */;
			compatibilityVersion = "Xcode 9.3";
			developmentRegion = en;
			hasScannedForEncodings = 0;
			knownRegions = (
				en,
				Base,
			);
			mainGroup = 7285F57B261CEE29005CE5D6;
			productRefGroup = 7285F585261CEE29005CE5D6 /* Products */;
			projectDirPath = "";
			projectRoot = "";
			targets = (
				7285F583261CEE29005CE5D6 /* LocallyFood */,
			);
		};
/* End PBXProject section */

/* Begin PBXResourcesBuildPhase section */
		7285F582261CEE29005CE5D6 /* Resources */ = {
			isa = PBXResourcesBuildPhase;
			buildActionMask = 2147483647;
			files = (
				7285F594261CEE2C005CE5D6 /* LaunchScreen.storyboard in Resources */,
				7285F591261CEE2C005CE5D6 /* Assets.xcassets in Resources */,
			);
			runOnlyForDeploymentPostprocessing = 0;
		};
/* End PBXResourcesBuildPhase section */

/* Begin PBXShellScriptBuildPhase section */
		18AD157D4C0B239004EE6006 /* [CP] Embed Pods Frameworks */ = {
			isa = PBXShellScriptBuildPhase;
			buildActionMask = 2147483647;
			files = (
			);
			inputFileListPaths = (
				"${PODS_ROOT}/Target Support Files/Pods-LocallyFood/Pods-LocallyFood-frameworks-${CONFIGURATION}-input-files.xcfilelist",
			);
			name = "[CP] Embed Pods Frameworks";
			outputFileListPaths = (
				"${PODS_ROOT}/Target Support Files/Pods-LocallyFood/Pods-LocallyFood-frameworks-${CONFIGURATION}-output-files.xcfilelist",
			);
			runOnlyForDeploymentPostprocessing = 0;
			shellPath = /bin/sh;
			shellScript = "\"${PODS_ROOT}/Target Support Files/Pods-LocallyFood/Pods-LocallyFood-frameworks.sh\"\n";
			showEnvVarsInLog = 0;
		};
		D210058A20D0E0B01B4B259D /* [CP] Check Pods Manifest.lock */ = {
			isa = PBXShellScriptBuildPhase;
			buildActionMask = 2147483647;
			files = (
			);
			inputFileListPaths = (
			);
			inputPaths = (
				"${PODS_PODFILE_DIR_PATH}/Podfile.lock",
				"${PODS_ROOT}/Manifest.lock",
			);
			name = "[CP] Check Pods Manifest.lock";
			outputFileListPaths = (
			);
			outputPaths = (
				"$(DERIVED_FILE_DIR)/Pods-LocallyFood-checkManifestLockResult.txt",
			);
			runOnlyForDeploymentPostprocessing = 0;
			shellPath = /bin/sh;
			shellScript = "diff \"${PODS_PODFILE_DIR_PATH}/Podfile.lock\" \"${PODS_ROOT}/Manifest.lock\" > /dev/null\nif [ $? != 0 ] ; then\n    # print error to STDERR\n    echo \"error: The sandbox is not in sync with the Podfile.lock. Run 'pod install' or update your CocoaPods installation.\" >&2\n    exit 1\nfi\n# This output is used by Xcode 'outputs' to avoid re-running this script phase.\necho \"SUCCESS\" > \"${SCRIPT_OUTPUT_FILE_0}\"\n";
			showEnvVarsInLog = 0;
		};
/* End PBXShellScriptBuildPhase section */

/* Begin PBXSourcesBuildPhase section */
		7285F580261CEE29005CE5D6 /* Sources */ = {
			isa = PBXSourcesBuildPhase;
			buildActionMask = 2147483647;
			files = (
				72FA3C3B261E3098007E61B8 /* CategoryListCollectionViewCell.swift in Sources */,
				72D1D4C9261DD0FB003814DE /* CategoriesCollectionViewCell.swift in Sources */,
				724AE242261F39B000964963 /* LFMealTitleLabel.swift in Sources */,
				72EA35C12620D8F8009C6BA1 /* FavoriteReceipesTableViewCell.swift in Sources */,
				7285F5BB261D0157005CE5D6 /* Country.swift in Sources */,
				7252A5E2261E396000E38575 /* UIHelper.swift in Sources */,
				7285F588261CEE29005CE5D6 /* AppDelegate.swift in Sources */,
				72CD86BA261E29BE0034E25B /* CategoryViewController.swift in Sources */,
				7285F5CA261D0661005CE5D6 /* List.swift in Sources */,
				72CD86AE261DF5250034E25B /* UIImageView+Ext.swift in Sources */,
				7285F5D3261D1646005CE5D6 /* NetworkManager.swift in Sources */,
				72D1D4D7261DD56C003814DE /* LFLabel.swift in Sources */,
				7285F5C2261D0390005CE5D6 /* LocallyFoodModel.swift in Sources */,
				72D1D4D4261DD27B003814DE /* Constants.swift in Sources */,
				7294C611261DAD48004FE2D8 /* CountryFilterCollectionViewCell.swift in Sources */,
				72EA358D262087F4009C6BA1 /* UIViewController+Ext.swift in Sources */,
				7285F5BE261D01B6005CE5D6 /* Meal.swift in Sources */,
				7252A5DF261E38A300E38575 /* FoodRecipeViewController.swift in Sources */,
				7285F58A261CEE29005CE5D6 /* SceneDelegate.swift in Sources */,
				72EA35B92620BF2E009C6BA1 /* FavoriteReceipesViewController.swift in Sources */,
				72CD86AA261DEEDC0034E25B /* LFError.swift in Sources */,
				72EA35BC2620BFF2009C6BA1 /* PersistentManger.swift in Sources */,
				72D1D4CF261DD22C003814DE /* LFImageView.swift in Sources */,
				7285F5B8261CFF97005CE5D6 /* Category.swift in Sources */,
				7294C614261DAF3B004FE2D8 /* HomePageViewController.swift in Sources */,
			);
			runOnlyForDeploymentPostprocessing = 0;
		};
/* End PBXSourcesBuildPhase section */

/* Begin PBXVariantGroup section */
		7285F592261CEE2C005CE5D6 /* LaunchScreen.storyboard */ = {
			isa = PBXVariantGroup;
			children = (
				7285F593261CEE2C005CE5D6 /* Base */,
			);
			name = LaunchScreen.storyboard;
			sourceTree = "<group>";
		};
/* End PBXVariantGroup section */

/* Begin XCBuildConfiguration section */
		7285F596261CEE2C005CE5D6 /* Debug */ = {
			isa = XCBuildConfiguration;
			buildSettings = {
				ALWAYS_SEARCH_USER_PATHS = NO;
				CLANG_ANALYZER_NONNULL = YES;
				CLANG_ANALYZER_NUMBER_OBJECT_CONVERSION = YES_AGGRESSIVE;
				CLANG_CXX_LANGUAGE_STANDARD = "gnu++14";
				CLANG_CXX_LIBRARY = "libc++";
				CLANG_ENABLE_MODULES = YES;
				CLANG_ENABLE_OBJC_ARC = YES;
				CLANG_ENABLE_OBJC_WEAK = YES;
				CLANG_WARN_BLOCK_CAPTURE_AUTORELEASING = YES;
				CLANG_WARN_BOOL_CONVERSION = YES;
				CLANG_WARN_COMMA = YES;
				CLANG_WARN_CONSTANT_CONVERSION = YES;
				CLANG_WARN_DEPRECATED_OBJC_IMPLEMENTATIONS = YES;
				CLANG_WARN_DIRECT_OBJC_ISA_USAGE = YES_ERROR;
				CLANG_WARN_DOCUMENTATION_COMMENTS = YES;
				CLANG_WARN_EMPTY_BODY = YES;
				CLANG_WARN_ENUM_CONVERSION = YES;
				CLANG_WARN_INFINITE_RECURSION = YES;
				CLANG_WARN_INT_CONVERSION = YES;
				CLANG_WARN_NON_LITERAL_NULL_CONVERSION = YES;
				CLANG_WARN_OBJC_IMPLICIT_RETAIN_SELF = YES;
				CLANG_WARN_OBJC_LITERAL_CONVERSION = YES;
				CLANG_WARN_OBJC_ROOT_CLASS = YES_ERROR;
				CLANG_WARN_QUOTED_INCLUDE_IN_FRAMEWORK_HEADER = YES;
				CLANG_WARN_RANGE_LOOP_ANALYSIS = YES;
				CLANG_WARN_STRICT_PROTOTYPES = YES;
				CLANG_WARN_SUSPICIOUS_MOVE = YES;
				CLANG_WARN_UNGUARDED_AVAILABILITY = YES_AGGRESSIVE;
				CLANG_WARN_UNREACHABLE_CODE = YES;
				CLANG_WARN__DUPLICATE_METHOD_MATCH = YES;
				COPY_PHASE_STRIP = NO;
				DEBUG_INFORMATION_FORMAT = dwarf;
				ENABLE_STRICT_OBJC_MSGSEND = YES;
				ENABLE_TESTABILITY = YES;
				GCC_C_LANGUAGE_STANDARD = gnu11;
				GCC_DYNAMIC_NO_PIC = NO;
				GCC_NO_COMMON_BLOCKS = YES;
				GCC_OPTIMIZATION_LEVEL = 0;
				GCC_PREPROCESSOR_DEFINITIONS = (
					"DEBUG=1",
					"$(inherited)",
				);
				GCC_WARN_64_TO_32_BIT_CONVERSION = YES;
				GCC_WARN_ABOUT_RETURN_TYPE = YES_ERROR;
				GCC_WARN_UNDECLARED_SELECTOR = YES;
				GCC_WARN_UNINITIALIZED_AUTOS = YES_AGGRESSIVE;
				GCC_WARN_UNUSED_FUNCTION = YES;
				GCC_WARN_UNUSED_VARIABLE = YES;
				IPHONEOS_DEPLOYMENT_TARGET = 14.2;
				MTL_ENABLE_DEBUG_INFO = INCLUDE_SOURCE;
				MTL_FAST_MATH = YES;
				ONLY_ACTIVE_ARCH = YES;
				SDKROOT = iphoneos;
				SWIFT_ACTIVE_COMPILATION_CONDITIONS = DEBUG;
				SWIFT_OPTIMIZATION_LEVEL = "-Onone";
			};
			name = Debug;
		};
		7285F597261CEE2C005CE5D6 /* Release */ = {
			isa = XCBuildConfiguration;
			buildSettings = {
				ALWAYS_SEARCH_USER_PATHS = NO;
				CLANG_ANALYZER_NONNULL = YES;
				CLANG_ANALYZER_NUMBER_OBJECT_CONVERSION = YES_AGGRESSIVE;
				CLANG_CXX_LANGUAGE_STANDARD = "gnu++14";
				CLANG_CXX_LIBRARY = "libc++";
				CLANG_ENABLE_MODULES = YES;
				CLANG_ENABLE_OBJC_ARC = YES;
				CLANG_ENABLE_OBJC_WEAK = YES;
				CLANG_WARN_BLOCK_CAPTURE_AUTORELEASING = YES;
				CLANG_WARN_BOOL_CONVERSION = YES;
				CLANG_WARN_COMMA = YES;
				CLANG_WARN_CONSTANT_CONVERSION = YES;
				CLANG_WARN_DEPRECATED_OBJC_IMPLEMENTATIONS = YES;
				CLANG_WARN_DIRECT_OBJC_ISA_USAGE = YES_ERROR;
				CLANG_WARN_DOCUMENTATION_COMMENTS = YES;
				CLANG_WARN_EMPTY_BODY = YES;
				CLANG_WARN_ENUM_CONVERSION = YES;
				CLANG_WARN_INFINITE_RECURSION = YES;
				CLANG_WARN_INT_CONVERSION = YES;
				CLANG_WARN_NON_LITERAL_NULL_CONVERSION = YES;
				CLANG_WARN_OBJC_IMPLICIT_RETAIN_SELF = YES;
				CLANG_WARN_OBJC_LITERAL_CONVERSION = YES;
				CLANG_WARN_OBJC_ROOT_CLASS = YES_ERROR;
				CLANG_WARN_QUOTED_INCLUDE_IN_FRAMEWORK_HEADER = YES;
				CLANG_WARN_RANGE_LOOP_ANALYSIS = YES;
				CLANG_WARN_STRICT_PROTOTYPES = YES;
				CLANG_WARN_SUSPICIOUS_MOVE = YES;
				CLANG_WARN_UNGUARDED_AVAILABILITY = YES_AGGRESSIVE;
				CLANG_WARN_UNREACHABLE_CODE = YES;
				CLANG_WARN__DUPLICATE_METHOD_MATCH = YES;
				COPY_PHASE_STRIP = NO;
				DEBUG_INFORMATION_FORMAT = "dwarf-with-dsym";
				ENABLE_NS_ASSERTIONS = NO;
				ENABLE_STRICT_OBJC_MSGSEND = YES;
				GCC_C_LANGUAGE_STANDARD = gnu11;
				GCC_NO_COMMON_BLOCKS = YES;
				GCC_WARN_64_TO_32_BIT_CONVERSION = YES;
				GCC_WARN_ABOUT_RETURN_TYPE = YES_ERROR;
				GCC_WARN_UNDECLARED_SELECTOR = YES;
				GCC_WARN_UNINITIALIZED_AUTOS = YES_AGGRESSIVE;
				GCC_WARN_UNUSED_FUNCTION = YES;
				GCC_WARN_UNUSED_VARIABLE = YES;
				IPHONEOS_DEPLOYMENT_TARGET = 14.2;
				MTL_ENABLE_DEBUG_INFO = NO;
				MTL_FAST_MATH = YES;
				SDKROOT = iphoneos;
				SWIFT_COMPILATION_MODE = wholemodule;
				SWIFT_OPTIMIZATION_LEVEL = "-O";
				VALIDATE_PRODUCT = YES;
			};
			name = Release;
		};
		7285F599261CEE2C005CE5D6 /* Debug */ = {
			isa = XCBuildConfiguration;
			baseConfigurationReference = 003F502CE27B7CAE971D0C03 /* Pods-LocallyFood.debug.xcconfig */;
			buildSettings = {
				ASSETCATALOG_COMPILER_APPICON_NAME = AppIcon;
				ASSETCATALOG_COMPILER_GLOBAL_ACCENT_COLOR_NAME = AccentColor;
				CODE_SIGN_STYLE = Automatic;
				DEVELOPMENT_TEAM = K5SV4NGHT7;
				INFOPLIST_FILE = LocallyFood/Info.plist;
				LD_RUNPATH_SEARCH_PATHS = (
					"$(inherited)",
					"@executable_path/Frameworks",
				);
				PRODUCT_BUNDLE_IDENTIFIER = ahmetacar.com.LocallyFood;
				PRODUCT_NAME = "$(TARGET_NAME)";
				SWIFT_VERSION = 5.0;
				TARGETED_DEVICE_FAMILY = "1,2";
			};
			name = Debug;
		};
		7285F59A261CEE2C005CE5D6 /* Release */ = {
			isa = XCBuildConfiguration;
			baseConfigurationReference = D3012736D650187DE4086BEF /* Pods-LocallyFood.release.xcconfig */;
			buildSettings = {
				ASSETCATALOG_COMPILER_APPICON_NAME = AppIcon;
				ASSETCATALOG_COMPILER_GLOBAL_ACCENT_COLOR_NAME = AccentColor;
				CODE_SIGN_STYLE = Automatic;
				DEVELOPMENT_TEAM = K5SV4NGHT7;
				INFOPLIST_FILE = LocallyFood/Info.plist;
				LD_RUNPATH_SEARCH_PATHS = (
					"$(inherited)",
					"@executable_path/Frameworks",
				);
				PRODUCT_BUNDLE_IDENTIFIER = ahmetacar.com.LocallyFood;
				PRODUCT_NAME = "$(TARGET_NAME)";
				SWIFT_VERSION = 5.0;
				TARGETED_DEVICE_FAMILY = "1,2";
			};
			name = Release;
		};
/* End XCBuildConfiguration section */

/* Begin XCConfigurationList section */
		7285F57F261CEE29005CE5D6 /* Build configuration list for PBXProject "LocallyFood" */ = {
			isa = XCConfigurationList;
			buildConfigurations = (
				7285F596261CEE2C005CE5D6 /* Debug */,
				7285F597261CEE2C005CE5D6 /* Release */,
			);
			defaultConfigurationIsVisible = 0;
			defaultConfigurationName = Release;
		};
		7285F598261CEE2C005CE5D6 /* Build configuration list for PBXNativeTarget "LocallyFood" */ = {
			isa = XCConfigurationList;
			buildConfigurations = (
				7285F599261CEE2C005CE5D6 /* Debug */,
				7285F59A261CEE2C005CE5D6 /* Release */,
			);
			defaultConfigurationIsVisible = 0;
			defaultConfigurationName = Release;
		};
/* End XCConfigurationList section */
	};
	rootObject = 7285F57C261CEE29005CE5D6 /* Project object */;
}
